{
  "name": "practice2-jwt-auth",
  "version": "1.0.0",
  "lockfileVersion": 3,
  "requires": true,
  "packages": {
    "": {
      "name": "practice2-jwt-auth",
      "version": "1.0.0",
      "dependencies": {
        "body-parser": "^1.20.2",
        "cors": "^2.8.5",
        "express": "^4.18.2",
        "jsonwebtoken": "^9.0.2"
      }
    },
    "node_modules/accepts": {
      "version": "1.3.8",
      "resolved": "https://registry.npmjs.org/accepts/-/accepts-1.3.8.tgz",
      "integrity": "sha512-PYAth0I6S0jT43Cj7XmxrC1yQvABaB+yxmTdLClD4QH7zjFyoGJzDtwXz0Y7K0M9m9M3Eam6zC0E0I4k2n3qVw==",
      "dependencies": {
        "mime-types": "~2.1.34",
        "negotiator": "0.6.3"
      }
    },
    "node_modules/array-flatten": {
      "version": "1.1.1",
      "resolved": "https://registry.npmjs.org/array-flatten/-/array-flatten-1.1.1.tgz",
      "integrity": "sha512-PCVA3tOJaNJ0x+G6cR2a1JQx8AbM1OlQ5rFfHExXK35pD4wGz7LhDLKRYdcVyk6k2t0bbA5c1ZQ7Z+SlpU36pQ=="
    },
    "node_modules/body-parser": {
      "version": "1.20.2",
      "resolved": "https://registry.npmjs.org/body-parser/-/body-parser-1.20.2.tgz",
      "integrity": "sha512-SnH7F3mK2zO2Kj+rP7iU4Yf9mTtI/5OZ7Qq8H6m3xGLFJ6FhK9wCco1rF9uwSS3d6mDqehOElHfVt+f6LhY1w=="
    },
    "node_modules/cors": {
      "version": "2.8.5",
      "resolved": "https://registry.npmjs.org/cors/-/cors-2.8.5.tgz",
      "integrity": "sha512-Kc3xURQFdU4M7cH8LzG1wY3rWUp2tbRdlSgQ9uHdnS9Q5KBDho4aH4MwvM5OazL1yplnD9hRzUxzU+o+8D6eMw=="
    },
    "node_modules/express": {
      "version": "4.18.2",
      "resolved": "https://registry.npmjs.org/express/-/express-4.18.2.tgz",
      "integrity": "sha512-0HqhS+Y8EC6dE6WcQx5DkA3TTZVZb1P0B0b3Tn9dC5J4F0AOkh0m9RPE3f0CrP4JZk9R2R6P5+Kj0V5o6vjA=="
    },
    "node_modules/jsonwebtoken": {
      "version": "9.0.2",
      "resolved": "https://registry.npmjs.org/jsonwebtoken/-/jsonwebtoken-9.0.2.tgz",
      "integrity": "sha512-O0PoZb5gwnR2gJQidHTDlD+1BjUOkmNcR+LfYFT/3azNccpOXL2SzxGi0KpWkCeEJTWUq7ko5O+nbWUF6v3zYw=="
    },
    "node_modules/negotiator": {
      "version": "0.6.3",
      "resolved": "https://registry.npmjs.org/negotiator/-/negotiator-0.6.3.tgz",
      "integrity": "sha512-HKhtCg/J0ZAFQ9FG4Q6YyMuHg1B0p1eFOuVh6PABEpUDLzwcHgKDW8TfDkzyeYo13bMzPZ8ykeV+mJqZvrMa0Q=="
    },
    "node_modules/mime-types": {
      "version": "2.1.35",
      "resolved": "https://registry.npmjs.org/mime-types/-/mime-types-2.1.35.tgz",
      "integrity": "sha512-4Z/D6VAgwltPzA4I0vD9W6zjvPKwZP2h1bq2yDqW7BDb6xToZQ4P1TiSmW7M04Ycs6D9oOQ59V7Vkgm6q+qCgw==",
      "dependencies": {
        "mime-db": "1.52.0"
      }
    },
    "node_modules/mime-db": {
      "version": "1.52.0",
      "resolved": "https://registry.npmjs.org/mime-db/-/mime-db-1.52.0.tgz",
      "integrity": "sha512-sy3t0zK63N/Mxk4a6fO2qM0M6WMRtJfjWfsFl6R6PSfE6g8HqVxHkGcdpYvS0RpeXLfUz/xMFWr+0A0z7oB8Cg=="
    }
  }
}
